
Microsoft Visual Studio Solution File, Format Version 12.00
# Visual Studio Version 16
VisualStudioVersion = 25.0.1706.12
MinimumVisualStudioVersion = 10.0.40219.1
Project("{FAE04EC0-301F-11D3-BF4B-00C04F79EFBC}") = "mebel", "mebel\mebel.csproj", "{6FF9E544-6B74-4D81-B739-0B1B789FE138}"
EndProject
Global
	GlobalSection(SolutionConfigurationPlatforms) = preSolution
		Debug|Any CPU = Debug|Any CPU
		Release|Any CPU = Release|Any CPU
	EndGlobalSection
	GlobalSection(ProjectConfigurationPlatforms) = postSolution
		{6FF9E544-6B74-4D81-B739-0B1B789FE138}.Debug|Any CPU.ActiveCfg = Debug|Any CPU
		{6FF9E544-6B74-4D81-B739-0B1B789FE138}.Debug|Any CPU.Build.0 = Debug|Any CPU
		{6FF9E544-6B74-4D81-B739-0B1B789FE138}.Release|Any CPU.ActiveCfg = Release|Any CPU
		{6FF9E544-6B74-4D81-B739-0B1B789FE138}.Release|Any CPU.Build.0 = Release|Any CPU
	EndGlobalSection
	GlobalSection(SolutionProperties) = preSolution
		HideSolutionNode = FALSE
	EndGlobalSection
	GlobalSection(ExtensibilityGlobals) = postSolution
		SolutionGuid = {CDB52DA7-E873-4CBB-B8AB-67D0606F4852}
	EndGlobalSection
EndGlobal
